
Microsoft Visual Studio Solution File, Format Version 12.00
# Visual Studio Version 16
VisualStudioVersion = 16.0.28729.10
MinimumVisualStudioVersion = 10.0.40219.1
Project("{9A19103F-16F7-4668-BE54-9A1E7A4F7556}") = "Statiq.Core", "src\core\Statiq.Core\Statiq.Core.csproj", "{BC8C5DE2-6692-4E39-A0BB-689C316AEFF1}"
EndProject
Project("{9A19103F-16F7-4668-BE54-9A1E7A4F7556}") = "Statiq.Core.Tests", "tests\core\Statiq.Core.Tests\Statiq.Core.Tests.csproj", "{862B500E-D6C3-4026-868C-4097C3AD1D5C}"
EndProject
Project("{9A19103F-16F7-4668-BE54-9A1E7A4F7556}") = "Statiq.Markdown", "src\extensions\Statiq.Markdown\Statiq.Markdown.csproj", "{AF8F5C85-2C54-4CFE-A509-C30515B7B943}"
EndProject
Project("{9A19103F-16F7-4668-BE54-9A1E7A4F7556}") = "Statiq.Common", "src\core\Statiq.Common\Statiq.Common.csproj", "{F40B73E9-C0CC-465C-925E-B51E686C1D5C}"
EndProject
Project("{9A19103F-16F7-4668-BE54-9A1E7A4F7556}") = "Statiq.Yaml", "src\extensions\Statiq.Yaml\Statiq.Yaml.csproj", "{AB59F7BD-0FC3-43AD-A3AE-2E3C7551E947}"
EndProject
Project("{9A19103F-16F7-4668-BE54-9A1E7A4F7556}") = "Statiq.Yaml.Tests", "tests\extensions\Statiq.Yaml.Tests\Statiq.Yaml.Tests.csproj", "{E5F18C7B-08A6-4F2C-9999-34F54BA2212A}"
EndProject
Project("{9A19103F-16F7-4668-BE54-9A1E7A4F7556}") = "Statiq.Razor", "src\extensions\Statiq.Razor\Statiq.Razor.csproj", "{D044419D-363A-47CC-A4ED-466A6128D7A2}"
EndProject
Project("{9A19103F-16F7-4668-BE54-9A1E7A4F7556}") = "Statiq.Razor.Tests", "tests\extensions\Statiq.Razor.Tests\Statiq.Razor.Tests.csproj", "{97C9B323-A7C4-415A-994A-FB4350ED26D0}"
EndProject
Project("{9A19103F-16F7-4668-BE54-9A1E7A4F7556}") = "Statiq.Less", "src\extensions\Statiq.Less\Statiq.Less.csproj", "{FBB9FB85-A0FC-4201-BC29-30FF16C93E76}"
EndProject
Project("{9A19103F-16F7-4668-BE54-9A1E7A4F7556}") = "Statiq.Images", "src\extensions\Statiq.Images\Statiq.Images.csproj", "{D6AD32C7-3B15-4F1C-8A2D-403D97F0CD41}"
EndProject
Project("{9A19103F-16F7-4668-BE54-9A1E7A4F7556}") = "Statiq.Common.Tests", "tests\core\Statiq.Common.Tests\Statiq.Common.Tests.csproj", "{3E93B31C-5670-413A-947A-77A46456CD13}"
EndProject
Project("{9A19103F-16F7-4668-BE54-9A1E7A4F7556}") = "Statiq.CodeAnalysis", "src\extensions\Statiq.CodeAnalysis\Statiq.CodeAnalysis.csproj", "{F4C0C025-5E08-4ED2-A089-67C41702AE7B}"
EndProject
Project("{9A19103F-16F7-4668-BE54-9A1E7A4F7556}") = "Statiq.CodeAnalysis.Tests", "tests\extensions\Statiq.CodeAnalysis.Tests\Statiq.CodeAnalysis.Tests.csproj", "{9BF3B222-0B52-46E8-B3E2-5A5EB62EFFF4}"
EndProject
Project("{9A19103F-16F7-4668-BE54-9A1E7A4F7556}") = "Statiq.Xmp", "src\extensions\Statiq.Xmp\Statiq.Xmp.csproj", "{F17862D9-8B53-44C0-9102-B1B84BE72E76}"
EndProject
Project("{9A19103F-16F7-4668-BE54-9A1E7A4F7556}") = "Statiq.Xmp.Tests", "tests\extensions\Statiq.Xmp.Tests\Statiq.Xmp.Tests.csproj", "{2BA7C7E0-FCA7-4A46-98E6-C43B52D07CE9}"
EndProject
Project("{9A19103F-16F7-4668-BE54-9A1E7A4F7556}") = "Statiq.Tables", "src\extensions\Statiq.Tables\Statiq.Tables.csproj", "{18E8DFBE-436C-4477-A5A2-61551CE268A2}"
EndProject
Project("{9A19103F-16F7-4668-BE54-9A1E7A4F7556}") = "Statiq.Tables.Tests", "tests\extensions\Statiq.Tables.Tests\Statiq.Tables.Tests.csproj", "{5BB70078-E81A-48F8-A4A0-69F312BADCC5}"
EndProject
Project("{9A19103F-16F7-4668-BE54-9A1E7A4F7556}") = "Statiq.Markdown.Tests", "tests\extensions\Statiq.Markdown.Tests\Statiq.Markdown.Tests.csproj", "{2392BE38-2D56-4F72-8659-A3435FB1EC86}"
EndProject
Project("{9A19103F-16F7-4668-BE54-9A1E7A4F7556}") = "Statiq.Testing", "src\core\Statiq.Testing\Statiq.Testing.csproj", "{7726D040-4192-49C7-B9EA-E192397127C3}"
EndProject
Project("{2150E333-8FDC-42A3-9474-1A3956D46DE8}") = "tests", "tests", "{596452BD-AE34-4989-A36F-88FF72B2DFD8}"
	ProjectSection(SolutionItems) = preProject
		tests\Directory.Build.props = tests\Directory.Build.props
	EndProjectSection
EndProject
Project("{9A19103F-16F7-4668-BE54-9A1E7A4F7556}") = "Statiq.Minification", "src\extensions\Statiq.Minification\Statiq.Minification.csproj", "{AD223A29-5736-4914-9D24-66D8329E663E}"
EndProject
Project("{9A19103F-16F7-4668-BE54-9A1E7A4F7556}") = "Statiq.Minification.Tests", "tests\extensions\Statiq.Minification.Tests\Statiq.Minification.Tests.csproj", "{6AD5C161-7FF7-4875-B71A-9F95EA3342AE}"
EndProject
Project("{9A19103F-16F7-4668-BE54-9A1E7A4F7556}") = "Statiq.Feeds", "src\extensions\Statiq.Feeds\Statiq.Feeds.csproj", "{BD7F456D-2576-43CC-B554-C03EB02BE8B7}"
EndProject
Project("{2150E333-8FDC-42A3-9474-1A3956D46DE8}") = "src", "src", "{DA9CFA76-E730-4707-A312-01470C89FA6E}"
EndProject
Project("{2150E333-8FDC-42A3-9474-1A3956D46DE8}") = "core", "core", "{4813B17D-EFCA-401D-B0E6-7B24B3946A70}"
EndProject
Project("{2150E333-8FDC-42A3-9474-1A3956D46DE8}") = "extensions", "extensions", "{5A431149-2B88-40C3-9717-CA6CCF214317}"
EndProject
Project("{2150E333-8FDC-42A3-9474-1A3956D46DE8}") = "core", "core", "{12931CA5-E734-4CD9-883D-27D897512183}"
EndProject
Project("{2150E333-8FDC-42A3-9474-1A3956D46DE8}") = "extensions", "extensions", "{2E5842F3-4797-4BB5-9A55-F3A005B434F8}"
EndProject
Project("{9A19103F-16F7-4668-BE54-9A1E7A4F7556}") = "Statiq.Highlight", "src\extensions\Statiq.Highlight\Statiq.Highlight.csproj", "{5FE758A2-1221-48FE-8A3C-8B3B9A32AFAB}"
EndProject
Project("{9A19103F-16F7-4668-BE54-9A1E7A4F7556}") = "Statiq.Highlight.Tests", "tests\extensions\Statiq.Highlight.Tests\Statiq.Highlight.Tests.csproj", "{A6DE4586-1398-4071-90AB-5CCC1C949720}"
EndProject
Project("{9A19103F-16F7-4668-BE54-9A1E7A4F7556}") = "Statiq.Testing.JavaScript", "src\core\Statiq.Testing.JavaScript\Statiq.Testing.JavaScript.csproj", "{95080CB0-DC4E-4617-8F73-6E06A6CA2F5F}"
EndProject
Project("{9A19103F-16F7-4668-BE54-9A1E7A4F7556}") = "Statiq.Sass", "src\extensions\Statiq.Sass\Statiq.Sass.csproj", "{90A0AB19-0146-4931-BEFA-D895B192E050}"
EndProject
Project("{9A19103F-16F7-4668-BE54-9A1E7A4F7556}") = "Statiq.Sass.Tests", "tests\extensions\Statiq.Sass.Tests\Statiq.Sass.Tests.csproj", "{A6B7B1A6-7BE5-4E98-9286-D03A0F936E98}"
EndProject
Project("{9A19103F-16F7-4668-BE54-9A1E7A4F7556}") = "Statiq.YouTube", "src\extensions\Statiq.YouTube\Statiq.YouTube.csproj", "{CBD166F0-F93E-48E7-83E0-99DB2CCED36A}"
EndProject
Project("{9A19103F-16F7-4668-BE54-9A1E7A4F7556}") = "Statiq.YouTube.Tests", "tests\extensions\Statiq.YouTube.Tests\Statiq.YouTube.Tests.csproj", "{9C1DA009-EADE-451A-9EB8-4075B079B0F1}"
EndProject
Project("{9A19103F-16F7-4668-BE54-9A1E7A4F7556}") = "Statiq.Images.Tests", "tests\extensions\Statiq.Images.Tests\Statiq.Images.Tests.csproj", "{0D8A9B33-A64E-42AF-8BD5-62C33D16AED3}"
EndProject
Project("{9A19103F-16F7-4668-BE54-9A1E7A4F7556}") = "Statiq.Feeds.Tests", "tests\extensions\Statiq.Feeds.Tests\Statiq.Feeds.Tests.csproj", "{53711748-0274-4A01-B2DC-010DB2FD760F}"
EndProject
Project("{9A19103F-16F7-4668-BE54-9A1E7A4F7556}") = "Statiq.App", "src\core\Statiq.App\Statiq.App.csproj", "{E97E47FF-600C-47DC-BC27-3545865C6C6F}"
EndProject
Project("{9A19103F-16F7-4668-BE54-9A1E7A4F7556}") = "Statiq.App.Tests", "tests\core\Statiq.App.Tests\Statiq.App.Tests.csproj", "{4C9AF9B7-DF05-4A69-ADFE-1ABA3CDCCDBA}"
EndProject
Project("{9A19103F-16F7-4668-BE54-9A1E7A4F7556}") = "Statiq.Lunr", "src\extensions\Statiq.Lunr\Statiq.Lunr.csproj", "{EFD19EC7-0A4F-4EE3-ADD4-7182333B3665}"
EndProject
Project("{9A19103F-16F7-4668-BE54-9A1E7A4F7556}") = "Statiq.Less.Tests", "tests\extensions\Statiq.Less.Tests\Statiq.Less.Tests.csproj", "{22493ABD-835D-4D31-978D-97738CB12162}"
EndProject
Project("{9A19103F-16F7-4668-BE54-9A1E7A4F7556}") = "Statiq.Handlebars", "src\extensions\Statiq.Handlebars\Statiq.Handlebars.csproj", "{CD461A93-0245-45B9-A4C6-2C0D7FEDC67D}"
EndProject
Project("{9A19103F-16F7-4668-BE54-9A1E7A4F7556}") = "Statiq.Handlebars.Tests", "tests\extensions\Statiq.Handlebars.Tests\Statiq.Handlebars.Tests.csproj", "{3FCF3A84-35F4-49BC-B58C-098BB1B6A6DA}"
EndProject
Project("{9A19103F-16F7-4668-BE54-9A1E7A4F7556}") = "Statiq.Scriban", "src\extensions\Statiq.Scriban\Statiq.Scriban.csproj", "{42EAF916-B373-4257-92E5-4EFEF583285F}"
EndProject
Project("{9A19103F-16F7-4668-BE54-9A1E7A4F7556}") = "Statiq.Scriban.Tests", "tests\extensions\Statiq.Scriban.Tests\Statiq.Scriban.Tests.csproj", "{31430424-368E-4CE5-A4C4-6C8372278725}"
EndProject
Project("{9A19103F-16F7-4668-BE54-9A1E7A4F7556}") = "TestConsoleApp", "tests\core\TestConsoleApp\TestConsoleApp.csproj", "{B27DDE2E-69B4-415A-9DB2-46506C7A5372}"
EndProject
Project("{9A19103F-16F7-4668-BE54-9A1E7A4F7556}") = "Statiq.Lunr.Tests", "tests\extensions\Statiq.Lunr.Tests\Statiq.Lunr.Tests.csproj", "{0878D57C-1C7E-48DF-85C0-CDA5F51763FB}"
EndProject
Global
	GlobalSection(SolutionConfigurationPlatforms) = preSolution
		Debug|Any CPU = Debug|Any CPU
		Release|Any CPU = Release|Any CPU
	EndGlobalSection
	GlobalSection(ProjectConfigurationPlatforms) = postSolution
		{BC8C5DE2-6692-4E39-A0BB-689C316AEFF1}.Debug|Any CPU.ActiveCfg = Debug|Any CPU
		{BC8C5DE2-6692-4E39-A0BB-689C316AEFF1}.Debug|Any CPU.Build.0 = Debug|Any CPU
		{BC8C5DE2-6692-4E39-A0BB-689C316AEFF1}.Release|Any CPU.ActiveCfg = Release|Any CPU
		{BC8C5DE2-6692-4E39-A0BB-689C316AEFF1}.Release|Any CPU.Build.0 = Release|Any CPU
		{862B500E-D6C3-4026-868C-4097C3AD1D5C}.Debug|Any CPU.ActiveCfg = Debug|Any CPU
		{862B500E-D6C3-4026-868C-4097C3AD1D5C}.Debug|Any CPU.Build.0 = Debug|Any CPU
		{862B500E-D6C3-4026-868C-4097C3AD1D5C}.Release|Any CPU.ActiveCfg = Release|Any CPU
		{862B500E-D6C3-4026-868C-4097C3AD1D5C}.Release|Any CPU.Build.0 = Release|Any CPU
		{AF8F5C85-2C54-4CFE-A509-C30515B7B943}.Debug|Any CPU.ActiveCfg = Debug|Any CPU
		{AF8F5C85-2C54-4CFE-A509-C30515B7B943}.Debug|Any CPU.Build.0 = Debug|Any CPU
		{AF8F5C85-2C54-4CFE-A509-C30515B7B943}.Release|Any CPU.ActiveCfg = Release|Any CPU
		{AF8F5C85-2C54-4CFE-A509-C30515B7B943}.Release|Any CPU.Build.0 = Release|Any CPU
		{F40B73E9-C0CC-465C-925E-B51E686C1D5C}.Debug|Any CPU.ActiveCfg = Debug|Any CPU
		{F40B73E9-C0CC-465C-925E-B51E686C1D5C}.Debug|Any CPU.Build.0 = Debug|Any CPU
		{F40B73E9-C0CC-465C-925E-B51E686C1D5C}.Release|Any CPU.ActiveCfg = Release|Any CPU
		{F40B73E9-C0CC-465C-925E-B51E686C1D5C}.Release|Any CPU.Build.0 = Release|Any CPU
		{AB59F7BD-0FC3-43AD-A3AE-2E3C7551E947}.Debug|Any CPU.ActiveCfg = Debug|Any CPU
		{AB59F7BD-0FC3-43AD-A3AE-2E3C7551E947}.Debug|Any CPU.Build.0 = Debug|Any CPU
		{AB59F7BD-0FC3-43AD-A3AE-2E3C7551E947}.Release|Any CPU.ActiveCfg = Release|Any CPU
		{AB59F7BD-0FC3-43AD-A3AE-2E3C7551E947}.Release|Any CPU.Build.0 = Release|Any CPU
		{E5F18C7B-08A6-4F2C-9999-34F54BA2212A}.Debug|Any CPU.ActiveCfg = Debug|Any CPU
		{E5F18C7B-08A6-4F2C-9999-34F54BA2212A}.Debug|Any CPU.Build.0 = Debug|Any CPU
		{E5F18C7B-08A6-4F2C-9999-34F54BA2212A}.Release|Any CPU.ActiveCfg = Release|Any CPU
		{E5F18C7B-08A6-4F2C-9999-34F54BA2212A}.Release|Any CPU.Build.0 = Release|Any CPU
		{D044419D-363A-47CC-A4ED-466A6128D7A2}.Debug|Any CPU.ActiveCfg = Debug|Any CPU
		{D044419D-363A-47CC-A4ED-466A6128D7A2}.Debug|Any CPU.Build.0 = Debug|Any CPU
		{D044419D-363A-47CC-A4ED-466A6128D7A2}.Release|Any CPU.ActiveCfg = Release|Any CPU
		{D044419D-363A-47CC-A4ED-466A6128D7A2}.Release|Any CPU.Build.0 = Release|Any CPU
		{97C9B323-A7C4-415A-994A-FB4350ED26D0}.Debug|Any CPU.ActiveCfg = Debug|Any CPU
		{97C9B323-A7C4-415A-994A-FB4350ED26D0}.Debug|Any CPU.Build.0 = Debug|Any CPU
		{97C9B323-A7C4-415A-994A-FB4350ED26D0}.Release|Any CPU.ActiveCfg = Release|Any CPU
		{97C9B323-A7C4-415A-994A-FB4350ED26D0}.Release|Any CPU.Build.0 = Release|Any CPU
		{FBB9FB85-A0FC-4201-BC29-30FF16C93E76}.Debug|Any CPU.ActiveCfg = Debug|Any CPU
		{FBB9FB85-A0FC-4201-BC29-30FF16C93E76}.Debug|Any CPU.Build.0 = Debug|Any CPU
		{FBB9FB85-A0FC-4201-BC29-30FF16C93E76}.Release|Any CPU.ActiveCfg = Release|Any CPU
		{FBB9FB85-A0FC-4201-BC29-30FF16C93E76}.Release|Any CPU.Build.0 = Release|Any CPU
		{D6AD32C7-3B15-4F1C-8A2D-403D97F0CD41}.Debug|Any CPU.ActiveCfg = Debug|Any CPU
		{D6AD32C7-3B15-4F1C-8A2D-403D97F0CD41}.Debug|Any CPU.Build.0 = Debug|Any CPU
		{D6AD32C7-3B15-4F1C-8A2D-403D97F0CD41}.Release|Any CPU.ActiveCfg = Release|Any CPU
		{D6AD32C7-3B15-4F1C-8A2D-403D97F0CD41}.Release|Any CPU.Build.0 = Release|Any CPU
		{3E93B31C-5670-413A-947A-77A46456CD13}.Debug|Any CPU.ActiveCfg = Debug|Any CPU
		{3E93B31C-5670-413A-947A-77A46456CD13}.Debug|Any CPU.Build.0 = Debug|Any CPU
		{3E93B31C-5670-413A-947A-77A46456CD13}.Release|Any CPU.ActiveCfg = Release|Any CPU
		{3E93B31C-5670-413A-947A-77A46456CD13}.Release|Any CPU.Build.0 = Release|Any CPU
		{F4C0C025-5E08-4ED2-A089-67C41702AE7B}.Debug|Any CPU.ActiveCfg = Debug|Any CPU
		{F4C0C025-5E08-4ED2-A089-67C41702AE7B}.Debug|Any CPU.Build.0 = Debug|Any CPU
		{F4C0C025-5E08-4ED2-A089-67C41702AE7B}.Release|Any CPU.ActiveCfg = Release|Any CPU
		{F4C0C025-5E08-4ED2-A089-67C41702AE7B}.Release|Any CPU.Build.0 = Release|Any CPU
		{9BF3B222-0B52-46E8-B3E2-5A5EB62EFFF4}.Debug|Any CPU.ActiveCfg = Debug|Any CPU
		{9BF3B222-0B52-46E8-B3E2-5A5EB62EFFF4}.Debug|Any CPU.Build.0 = Debug|Any CPU
		{9BF3B222-0B52-46E8-B3E2-5A5EB62EFFF4}.Release|Any CPU.ActiveCfg = Release|Any CPU
		{9BF3B222-0B52-46E8-B3E2-5A5EB62EFFF4}.Release|Any CPU.Build.0 = Release|Any CPU
		{F17862D9-8B53-44C0-9102-B1B84BE72E76}.Debug|Any CPU.ActiveCfg = Debug|Any CPU
		{F17862D9-8B53-44C0-9102-B1B84BE72E76}.Debug|Any CPU.Build.0 = Debug|Any CPU
		{F17862D9-8B53-44C0-9102-B1B84BE72E76}.Release|Any CPU.ActiveCfg = Release|Any CPU
		{F17862D9-8B53-44C0-9102-B1B84BE72E76}.Release|Any CPU.Build.0 = Release|Any CPU
		{2BA7C7E0-FCA7-4A46-98E6-C43B52D07CE9}.Debug|Any CPU.ActiveCfg = Debug|Any CPU
		{2BA7C7E0-FCA7-4A46-98E6-C43B52D07CE9}.Debug|Any CPU.Build.0 = Debug|Any CPU
		{2BA7C7E0-FCA7-4A46-98E6-C43B52D07CE9}.Release|Any CPU.ActiveCfg = Release|Any CPU
		{2BA7C7E0-FCA7-4A46-98E6-C43B52D07CE9}.Release|Any CPU.Build.0 = Release|Any CPU
		{18E8DFBE-436C-4477-A5A2-61551CE268A2}.Debug|Any CPU.ActiveCfg = Debug|Any CPU
		{18E8DFBE-436C-4477-A5A2-61551CE268A2}.Debug|Any CPU.Build.0 = Debug|Any CPU
		{18E8DFBE-436C-4477-A5A2-61551CE268A2}.Release|Any CPU.ActiveCfg = Release|Any CPU
		{18E8DFBE-436C-4477-A5A2-61551CE268A2}.Release|Any CPU.Build.0 = Release|Any CPU
		{5BB70078-E81A-48F8-A4A0-69F312BADCC5}.Debug|Any CPU.ActiveCfg = Debug|Any CPU
		{5BB70078-E81A-48F8-A4A0-69F312BADCC5}.Debug|Any CPU.Build.0 = Debug|Any CPU
		{5BB70078-E81A-48F8-A4A0-69F312BADCC5}.Release|Any CPU.ActiveCfg = Release|Any CPU
		{5BB70078-E81A-48F8-A4A0-69F312BADCC5}.Release|Any CPU.Build.0 = Release|Any CPU
		{2392BE38-2D56-4F72-8659-A3435FB1EC86}.Debug|Any CPU.ActiveCfg = Debug|Any CPU
		{2392BE38-2D56-4F72-8659-A3435FB1EC86}.Debug|Any CPU.Build.0 = Debug|Any CPU
		{2392BE38-2D56-4F72-8659-A3435FB1EC86}.Release|Any CPU.ActiveCfg = Release|Any CPU
		{2392BE38-2D56-4F72-8659-A3435FB1EC86}.Release|Any CPU.Build.0 = Release|Any CPU
		{7726D040-4192-49C7-B9EA-E192397127C3}.Debug|Any CPU.ActiveCfg = Debug|Any CPU
		{7726D040-4192-49C7-B9EA-E192397127C3}.Debug|Any CPU.Build.0 = Debug|Any CPU
		{7726D040-4192-49C7-B9EA-E192397127C3}.Release|Any CPU.ActiveCfg = Release|Any CPU
		{7726D040-4192-49C7-B9EA-E192397127C3}.Release|Any CPU.Build.0 = Release|Any CPU
		{AD223A29-5736-4914-9D24-66D8329E663E}.Debug|Any CPU.ActiveCfg = Debug|Any CPU
		{AD223A29-5736-4914-9D24-66D8329E663E}.Debug|Any CPU.Build.0 = Debug|Any CPU
		{AD223A29-5736-4914-9D24-66D8329E663E}.Release|Any CPU.ActiveCfg = Release|Any CPU
		{AD223A29-5736-4914-9D24-66D8329E663E}.Release|Any CPU.Build.0 = Release|Any CPU
		{6AD5C161-7FF7-4875-B71A-9F95EA3342AE}.Debug|Any CPU.ActiveCfg = Debug|Any CPU
		{6AD5C161-7FF7-4875-B71A-9F95EA3342AE}.Debug|Any CPU.Build.0 = Debug|Any CPU
		{6AD5C161-7FF7-4875-B71A-9F95EA3342AE}.Release|Any CPU.ActiveCfg = Release|Any CPU
		{6AD5C161-7FF7-4875-B71A-9F95EA3342AE}.Release|Any CPU.Build.0 = Release|Any CPU
		{BD7F456D-2576-43CC-B554-C03EB02BE8B7}.Debug|Any CPU.ActiveCfg = Debug|Any CPU
		{BD7F456D-2576-43CC-B554-C03EB02BE8B7}.Debug|Any CPU.Build.0 = Debug|Any CPU
		{BD7F456D-2576-43CC-B554-C03EB02BE8B7}.Release|Any CPU.ActiveCfg = Release|Any CPU
		{BD7F456D-2576-43CC-B554-C03EB02BE8B7}.Release|Any CPU.Build.0 = Release|Any CPU
		{5FE758A2-1221-48FE-8A3C-8B3B9A32AFAB}.Debug|Any CPU.ActiveCfg = Debug|Any CPU
		{5FE758A2-1221-48FE-8A3C-8B3B9A32AFAB}.Debug|Any CPU.Build.0 = Debug|Any CPU
		{5FE758A2-1221-48FE-8A3C-8B3B9A32AFAB}.Release|Any CPU.ActiveCfg = Release|Any CPU
		{5FE758A2-1221-48FE-8A3C-8B3B9A32AFAB}.Release|Any CPU.Build.0 = Release|Any CPU
		{A6DE4586-1398-4071-90AB-5CCC1C949720}.Debug|Any CPU.ActiveCfg = Debug|Any CPU
		{A6DE4586-1398-4071-90AB-5CCC1C949720}.Debug|Any CPU.Build.0 = Debug|Any CPU
		{A6DE4586-1398-4071-90AB-5CCC1C949720}.Release|Any CPU.ActiveCfg = Release|Any CPU
		{A6DE4586-1398-4071-90AB-5CCC1C949720}.Release|Any CPU.Build.0 = Release|Any CPU
		{95080CB0-DC4E-4617-8F73-6E06A6CA2F5F}.Debug|Any CPU.ActiveCfg = Debug|Any CPU
		{95080CB0-DC4E-4617-8F73-6E06A6CA2F5F}.Debug|Any CPU.Build.0 = Debug|Any CPU
		{95080CB0-DC4E-4617-8F73-6E06A6CA2F5F}.Release|Any CPU.ActiveCfg = Release|Any CPU
		{95080CB0-DC4E-4617-8F73-6E06A6CA2F5F}.Release|Any CPU.Build.0 = Release|Any CPU
		{90A0AB19-0146-4931-BEFA-D895B192E050}.Debug|Any CPU.ActiveCfg = Debug|Any CPU
		{90A0AB19-0146-4931-BEFA-D895B192E050}.Debug|Any CPU.Build.0 = Debug|Any CPU
		{90A0AB19-0146-4931-BEFA-D895B192E050}.Release|Any CPU.ActiveCfg = Release|Any CPU
		{90A0AB19-0146-4931-BEFA-D895B192E050}.Release|Any CPU.Build.0 = Release|Any CPU
		{A6B7B1A6-7BE5-4E98-9286-D03A0F936E98}.Debug|Any CPU.ActiveCfg = Debug|Any CPU
		{A6B7B1A6-7BE5-4E98-9286-D03A0F936E98}.Debug|Any CPU.Build.0 = Debug|Any CPU
		{A6B7B1A6-7BE5-4E98-9286-D03A0F936E98}.Release|Any CPU.ActiveCfg = Release|Any CPU
		{A6B7B1A6-7BE5-4E98-9286-D03A0F936E98}.Release|Any CPU.Build.0 = Release|Any CPU
		{CBD166F0-F93E-48E7-83E0-99DB2CCED36A}.Debug|Any CPU.ActiveCfg = Debug|Any CPU
		{CBD166F0-F93E-48E7-83E0-99DB2CCED36A}.Debug|Any CPU.Build.0 = Debug|Any CPU
		{CBD166F0-F93E-48E7-83E0-99DB2CCED36A}.Release|Any CPU.ActiveCfg = Release|Any CPU
		{CBD166F0-F93E-48E7-83E0-99DB2CCED36A}.Release|Any CPU.Build.0 = Release|Any CPU
		{9C1DA009-EADE-451A-9EB8-4075B079B0F1}.Debug|Any CPU.ActiveCfg = Debug|Any CPU
		{9C1DA009-EADE-451A-9EB8-4075B079B0F1}.Debug|Any CPU.Build.0 = Debug|Any CPU
		{9C1DA009-EADE-451A-9EB8-4075B079B0F1}.Release|Any CPU.ActiveCfg = Release|Any CPU
		{9C1DA009-EADE-451A-9EB8-4075B079B0F1}.Release|Any CPU.Build.0 = Release|Any CPU
		{0D8A9B33-A64E-42AF-8BD5-62C33D16AED3}.Debug|Any CPU.ActiveCfg = Debug|Any CPU
		{0D8A9B33-A64E-42AF-8BD5-62C33D16AED3}.Debug|Any CPU.Build.0 = Debug|Any CPU
		{0D8A9B33-A64E-42AF-8BD5-62C33D16AED3}.Release|Any CPU.ActiveCfg = Release|Any CPU
		{0D8A9B33-A64E-42AF-8BD5-62C33D16AED3}.Release|Any CPU.Build.0 = Release|Any CPU
		{53711748-0274-4A01-B2DC-010DB2FD760F}.Debug|Any CPU.ActiveCfg = Debug|Any CPU
		{53711748-0274-4A01-B2DC-010DB2FD760F}.Debug|Any CPU.Build.0 = Debug|Any CPU
		{53711748-0274-4A01-B2DC-010DB2FD760F}.Release|Any CPU.ActiveCfg = Release|Any CPU
		{53711748-0274-4A01-B2DC-010DB2FD760F}.Release|Any CPU.Build.0 = Release|Any CPU
		{E97E47FF-600C-47DC-BC27-3545865C6C6F}.Debug|Any CPU.ActiveCfg = Debug|Any CPU
		{E97E47FF-600C-47DC-BC27-3545865C6C6F}.Debug|Any CPU.Build.0 = Debug|Any CPU
		{E97E47FF-600C-47DC-BC27-3545865C6C6F}.Release|Any CPU.ActiveCfg = Release|Any CPU
		{E97E47FF-600C-47DC-BC27-3545865C6C6F}.Release|Any CPU.Build.0 = Release|Any CPU
		{4C9AF9B7-DF05-4A69-ADFE-1ABA3CDCCDBA}.Debug|Any CPU.ActiveCfg = Debug|Any CPU
		{4C9AF9B7-DF05-4A69-ADFE-1ABA3CDCCDBA}.Debug|Any CPU.Build.0 = Debug|Any CPU
		{4C9AF9B7-DF05-4A69-ADFE-1ABA3CDCCDBA}.Release|Any CPU.ActiveCfg = Release|Any CPU
		{4C9AF9B7-DF05-4A69-ADFE-1ABA3CDCCDBA}.Release|Any CPU.Build.0 = Release|Any CPU
		{EFD19EC7-0A4F-4EE3-ADD4-7182333B3665}.Debug|Any CPU.ActiveCfg = Debug|Any CPU
		{EFD19EC7-0A4F-4EE3-ADD4-7182333B3665}.Debug|Any CPU.Build.0 = Debug|Any CPU
		{EFD19EC7-0A4F-4EE3-ADD4-7182333B3665}.Release|Any CPU.ActiveCfg = Release|Any CPU
		{EFD19EC7-0A4F-4EE3-ADD4-7182333B3665}.Release|Any CPU.Build.0 = Release|Any CPU
		{22493ABD-835D-4D31-978D-97738CB12162}.Debug|Any CPU.ActiveCfg = Debug|Any CPU
		{22493ABD-835D-4D31-978D-97738CB12162}.Debug|Any CPU.Build.0 = Debug|Any CPU
		{22493ABD-835D-4D31-978D-97738CB12162}.Release|Any CPU.ActiveCfg = Release|Any CPU
		{22493ABD-835D-4D31-978D-97738CB12162}.Release|Any CPU.Build.0 = Release|Any CPU
		{CD461A93-0245-45B9-A4C6-2C0D7FEDC67D}.Debug|Any CPU.ActiveCfg = Debug|Any CPU
		{CD461A93-0245-45B9-A4C6-2C0D7FEDC67D}.Debug|Any CPU.Build.0 = Debug|Any CPU
		{CD461A93-0245-45B9-A4C6-2C0D7FEDC67D}.Release|Any CPU.ActiveCfg = Release|Any CPU
		{CD461A93-0245-45B9-A4C6-2C0D7FEDC67D}.Release|Any CPU.Build.0 = Release|Any CPU
		{3FCF3A84-35F4-49BC-B58C-098BB1B6A6DA}.Debug|Any CPU.ActiveCfg = Debug|Any CPU
		{3FCF3A84-35F4-49BC-B58C-098BB1B6A6DA}.Debug|Any CPU.Build.0 = Debug|Any CPU
		{3FCF3A84-35F4-49BC-B58C-098BB1B6A6DA}.Release|Any CPU.ActiveCfg = Release|Any CPU
		{3FCF3A84-35F4-49BC-B58C-098BB1B6A6DA}.Release|Any CPU.Build.0 = Release|Any CPU
		{42EAF916-B373-4257-92E5-4EFEF583285F}.Debug|Any CPU.ActiveCfg = Debug|Any CPU
		{42EAF916-B373-4257-92E5-4EFEF583285F}.Debug|Any CPU.Build.0 = Debug|Any CPU
		{42EAF916-B373-4257-92E5-4EFEF583285F}.Release|Any CPU.ActiveCfg = Release|Any CPU
		{42EAF916-B373-4257-92E5-4EFEF583285F}.Release|Any CPU.Build.0 = Release|Any CPU
		{31430424-368E-4CE5-A4C4-6C8372278725}.Debug|Any CPU.ActiveCfg = Debug|Any CPU
		{31430424-368E-4CE5-A4C4-6C8372278725}.Debug|Any CPU.Build.0 = Debug|Any CPU
		{31430424-368E-4CE5-A4C4-6C8372278725}.Release|Any CPU.ActiveCfg = Release|Any CPU
		{31430424-368E-4CE5-A4C4-6C8372278725}.Release|Any CPU.Build.0 = Release|Any CPU
		{B27DDE2E-69B4-415A-9DB2-46506C7A5372}.Debug|Any CPU.ActiveCfg = Debug|Any CPU
		{B27DDE2E-69B4-415A-9DB2-46506C7A5372}.Debug|Any CPU.Build.0 = Debug|Any CPU
		{B27DDE2E-69B4-415A-9DB2-46506C7A5372}.Release|Any CPU.ActiveCfg = Release|Any CPU
		{B27DDE2E-69B4-415A-9DB2-46506C7A5372}.Release|Any CPU.Build.0 = Release|Any CPU
		{0878D57C-1C7E-48DF-85C0-CDA5F51763FB}.Debug|Any CPU.ActiveCfg = Debug|Any CPU
		{0878D57C-1C7E-48DF-85C0-CDA5F51763FB}.Debug|Any CPU.Build.0 = Debug|Any CPU
		{0878D57C-1C7E-48DF-85C0-CDA5F51763FB}.Release|Any CPU.ActiveCfg = Release|Any CPU
		{0878D57C-1C7E-48DF-85C0-CDA5F51763FB}.Release|Any CPU.Build.0 = Release|Any CPU
	EndGlobalSection
	GlobalSection(SolutionProperties) = preSolution
		HideSolutionNode = FALSE
	EndGlobalSection
	GlobalSection(NestedProjects) = preSolution
		{BC8C5DE2-6692-4E39-A0BB-689C316AEFF1} = {4813B17D-EFCA-401D-B0E6-7B24B3946A70}
		{862B500E-D6C3-4026-868C-4097C3AD1D5C} = {12931CA5-E734-4CD9-883D-27D897512183}
		{AF8F5C85-2C54-4CFE-A509-C30515B7B943} = {5A431149-2B88-40C3-9717-CA6CCF214317}
		{F40B73E9-C0CC-465C-925E-B51E686C1D5C} = {4813B17D-EFCA-401D-B0E6-7B24B3946A70}
		{AB59F7BD-0FC3-43AD-A3AE-2E3C7551E947} = {5A431149-2B88-40C3-9717-CA6CCF214317}
		{E5F18C7B-08A6-4F2C-9999-34F54BA2212A} = {2E5842F3-4797-4BB5-9A55-F3A005B434F8}
		{D044419D-363A-47CC-A4ED-466A6128D7A2} = {5A431149-2B88-40C3-9717-CA6CCF214317}
		{97C9B323-A7C4-415A-994A-FB4350ED26D0} = {2E5842F3-4797-4BB5-9A55-F3A005B434F8}
		{FBB9FB85-A0FC-4201-BC29-30FF16C93E76} = {5A431149-2B88-40C3-9717-CA6CCF214317}
		{D6AD32C7-3B15-4F1C-8A2D-403D97F0CD41} = {5A431149-2B88-40C3-9717-CA6CCF214317}
		{3E93B31C-5670-413A-947A-77A46456CD13} = {12931CA5-E734-4CD9-883D-27D897512183}
		{F4C0C025-5E08-4ED2-A089-67C41702AE7B} = {5A431149-2B88-40C3-9717-CA6CCF214317}
		{9BF3B222-0B52-46E8-B3E2-5A5EB62EFFF4} = {2E5842F3-4797-4BB5-9A55-F3A005B434F8}
		{F17862D9-8B53-44C0-9102-B1B84BE72E76} = {5A431149-2B88-40C3-9717-CA6CCF214317}
		{2BA7C7E0-FCA7-4A46-98E6-C43B52D07CE9} = {2E5842F3-4797-4BB5-9A55-F3A005B434F8}
		{18E8DFBE-436C-4477-A5A2-61551CE268A2} = {5A431149-2B88-40C3-9717-CA6CCF214317}
		{5BB70078-E81A-48F8-A4A0-69F312BADCC5} = {2E5842F3-4797-4BB5-9A55-F3A005B434F8}
		{2392BE38-2D56-4F72-8659-A3435FB1EC86} = {2E5842F3-4797-4BB5-9A55-F3A005B434F8}
		{7726D040-4192-49C7-B9EA-E192397127C3} = {4813B17D-EFCA-401D-B0E6-7B24B3946A70}
		{AD223A29-5736-4914-9D24-66D8329E663E} = {5A431149-2B88-40C3-9717-CA6CCF214317}
		{6AD5C161-7FF7-4875-B71A-9F95EA3342AE} = {2E5842F3-4797-4BB5-9A55-F3A005B434F8}
		{BD7F456D-2576-43CC-B554-C03EB02BE8B7} = {5A431149-2B88-40C3-9717-CA6CCF214317}
		{4813B17D-EFCA-401D-B0E6-7B24B3946A70} = {DA9CFA76-E730-4707-A312-01470C89FA6E}
		{5A431149-2B88-40C3-9717-CA6CCF214317} = {DA9CFA76-E730-4707-A312-01470C89FA6E}
		{12931CA5-E734-4CD9-883D-27D897512183} = {596452BD-AE34-4989-A36F-88FF72B2DFD8}
		{2E5842F3-4797-4BB5-9A55-F3A005B434F8} = {596452BD-AE34-4989-A36F-88FF72B2DFD8}
		{5FE758A2-1221-48FE-8A3C-8B3B9A32AFAB} = {5A431149-2B88-40C3-9717-CA6CCF214317}
		{A6DE4586-1398-4071-90AB-5CCC1C949720} = {2E5842F3-4797-4BB5-9A55-F3A005B434F8}
		{95080CB0-DC4E-4617-8F73-6E06A6CA2F5F} = {4813B17D-EFCA-401D-B0E6-7B24B3946A70}
		{90A0AB19-0146-4931-BEFA-D895B192E050} = {5A431149-2B88-40C3-9717-CA6CCF214317}
		{A6B7B1A6-7BE5-4E98-9286-D03A0F936E98} = {2E5842F3-4797-4BB5-9A55-F3A005B434F8}
		{CBD166F0-F93E-48E7-83E0-99DB2CCED36A} = {5A431149-2B88-40C3-9717-CA6CCF214317}
		{9C1DA009-EADE-451A-9EB8-4075B079B0F1} = {2E5842F3-4797-4BB5-9A55-F3A005B434F8}
		{0D8A9B33-A64E-42AF-8BD5-62C33D16AED3} = {2E5842F3-4797-4BB5-9A55-F3A005B434F8}
		{53711748-0274-4A01-B2DC-010DB2FD760F} = {2E5842F3-4797-4BB5-9A55-F3A005B434F8}
		{E97E47FF-600C-47DC-BC27-3545865C6C6F} = {4813B17D-EFCA-401D-B0E6-7B24B3946A70}
		{4C9AF9B7-DF05-4A69-ADFE-1ABA3CDCCDBA} = {12931CA5-E734-4CD9-883D-27D897512183}
		{EFD19EC7-0A4F-4EE3-ADD4-7182333B3665} = {5A431149-2B88-40C3-9717-CA6CCF214317}
		{22493ABD-835D-4D31-978D-97738CB12162} = {2E5842F3-4797-4BB5-9A55-F3A005B434F8}
		{CD461A93-0245-45B9-A4C6-2C0D7FEDC67D} = {5A431149-2B88-40C3-9717-CA6CCF214317}
		{3FCF3A84-35F4-49BC-B58C-098BB1B6A6DA} = {2E5842F3-4797-4BB5-9A55-F3A005B434F8}
		{42EAF916-B373-4257-92E5-4EFEF583285F} = {5A431149-2B88-40C3-9717-CA6CCF214317}
		{31430424-368E-4CE5-A4C4-6C8372278725} = {2E5842F3-4797-4BB5-9A55-F3A005B434F8}
		{B27DDE2E-69B4-415A-9DB2-46506C7A5372} = {12931CA5-E734-4CD9-883D-27D897512183}
		{0878D57C-1C7E-48DF-85C0-CDA5F51763FB} = {2E5842F3-4797-4BB5-9A55-F3A005B434F8}
	EndGlobalSection
	GlobalSection(ExtensibilityGlobals) = postSolution
		SolutionGuid = {B0CD133C-B843-4178-8976-B04AE6B2021A}
	EndGlobalSection
EndGlobal
